
Microsoft Visual Studio Solution File, Format Version 12.00
# Visual Studio 15
VisualStudioVersion = 15.0.28010.2046
MinimumVisualStudioVersion = 10.0.40219.1
Project("{FAE04EC0-301F-11D3-BF4B-00C04F79EFBC}") = "Task05", "Task05\Task05.csproj", "{246E6906-A539-48B5-B7B7-EB85C2C60AB5}"
EndProject
Global
	GlobalSection(SolutionConfigurationPlatforms) = preSolution
		Debug|Any CPU = Debug|Any CPU
		Release|Any CPU = Release|Any CPU
	EndGlobalSection
	GlobalSection(ProjectConfigurationPlatforms) = postSolution
		{246E6906-A539-48B5-B7B7-EB85C2C60AB5}.Debug|Any CPU.ActiveCfg = Debug|Any CPU
		{246E6906-A539-48B5-B7B7-EB85C2C60AB5}.Debug|Any CPU.Build.0 = Debug|Any CPU
		{246E6906-A539-48B5-B7B7-EB85C2C60AB5}.Release|Any CPU.ActiveCfg = Release|Any CPU
		{246E6906-A539-48B5-B7B7-EB85C2C60AB5}.Release|Any CPU.Build.0 = Release|Any CPU
	EndGlobalSection
	GlobalSection(SolutionProperties) = preSolution
		HideSolutionNode = FALSE
	EndGlobalSection
	GlobalSection(ExtensibilityGlobals) = postSolution
		SolutionGuid = {BE916BE1-651F-4CD1-9D71-D019EC5B3FCF}
	EndGlobalSection
EndGlobal
